Microsoft Visual Studio Solution File, Format Version 12.00
# Visual Studio Version 17
VisualStudioVersion = 17.0.31903.59
MinimumVisualStudioVersion = 10.0.40219.1
Project("{FAE04EC0-301F-11D3-BF4B-00C04F79EFBC}") = "MiniMixerOverlay.App", "src\MiniMixerOverlay.App\MiniMixerOverlay.App.csproj", "{56E8989B-EAFD-4DDD-B9D7-F331341BED24}"
EndProject
Project("{FAE04EC0-301F-11D3-BF4B-00C04F79EFBC}") = "MiniMixerOverlay.Core", "src\MiniMixerOverlay.Core\MiniMixerOverlay.Core.csproj", "{A7C6551D-0F43-402F-984A-92C79BDC5943}"
EndProject
Project("{FAE04EC0-301F-11D3-BF4B-00C04F79EFBC}") = "MiniMixerOverlay.Infrastructure", "src\MiniMixerOverlay.Infrastructure\MiniMixerOverlay.Infrastructure.csproj", "{84C6C11B-4C2F-4132-B712-777C461749AF}"
EndProject
Global
	GlobalSection(SolutionConfigurationPlatforms) = preSolution
		Debug|Any CPU = Debug|Any CPU
		Release|Any CPU = Release|Any CPU
	EndGlobalSection
	GlobalSection(ProjectConfigurationPlatforms) = postSolution
		{56E8989B-EAFD-4DDD-B9D7-F331341BED24}.Debug|Any CPU.ActiveCfg = Debug|Any CPU
		{56E8989B-EAFD-4DDD-B9D7-F331341BED24}.Debug|Any CPU.Build.0 = Debug|Any CPU
		{56E8989B-EAFD-4DDD-B9D7-F331341BED24}.Release|Any CPU.ActiveCfg = Release|Any CPU
		{56E8989B-EAFD-4DDD-B9D7-F331341BED24}.Release|Any CPU.Build.0 = Release|Any CPU
		{A7C6551D-0F43-402F-984A-92C79BDC5943}.Debug|Any CPU.ActiveCfg = Debug|Any CPU
		{A7C6551D-0F43-402F-984A-92C79BDC5943}.Debug|Any CPU.Build.0 = Debug|Any CPU
		{A7C6551D-0F43-402F-984A-92C79BDC5943}.Release|Any CPU.ActiveCfg = Release|Any CPU
		{A7C6551D-0F43-402F-984A-92C79BDC5943}.Release|Any CPU.Build.0 = Release|Any CPU
		{84C6C11B-4C2F-4132-B712-777C461749AF}.Debug|Any CPU.ActiveCfg = Debug|Any CPU
		{84C6C11B-4C2F-4132-B712-777C461749AF}.Debug|Any CPU.Build.0 = Debug|Any CPU
		{84C6C11B-4C2F-4132-B712-777C461749AF}.Release|Any CPU.ActiveCfg = Release|Any CPU
		{84C6C11B-4C2F-4132-B712-777C461749AF}.Release|Any CPU.Build.0 = Release|Any CPU
	EndGlobalSection
EndGlobal
